
Microsoft Visual Studio Solution File, Format Version 12.00
# Visual Studio 14
VisualStudioVersion = 14.0.25420.1
MinimumVisualStudioVersion = 10.0.40219.1
Project("{FAE04EC0-301F-11D3-BF4B-00C04F79EFBC}") = "Email.Service.Web", "Email.Service.Web\Email.Service.Web.csproj", "{E06C2EB0-2179-4375-8FC9-7113910F0921}"
EndProject
Project("{FAE04EC0-301F-11D3-BF4B-00C04F79EFBC}") = "Email.Domain", "Email.Domain\Email.Domain.csproj", "{D1E808E0-5A17-4CA6-873C-7C19B509CA1F}"
EndProject
Project("{FAE04EC0-301F-11D3-BF4B-00C04F79EFBC}") = "Email.DataAccess", "Email.DataAccess\Email.DataAccess.csproj", "{CCB391A7-3BC0-4F96-9F60-B606B0DC6D5E}"
EndProject
Project("{FAE04EC0-301F-11D3-BF4B-00C04F79EFBC}") = "Email.Agent", "Email.Agent\Email.Agent.csproj", "{35B618A2-C997-4AEC-B241-5FF3374BC52F}"
EndProject
Project("{FAE04EC0-301F-11D3-BF4B-00C04F79EFBC}") = "ImapX", "..\..\..\Downloads\imapx-43652\ImapX\ImapX.csproj", "{FDB65A6E-DD65-4D17-B522-E59CE7DE5E00}"
EndProject
Global
	GlobalSection(SolutionConfigurationPlatforms) = preSolution
		Debug|Any CPU = Debug|Any CPU
		Release|Any CPU = Release|Any CPU
	EndGlobalSection
	GlobalSection(ProjectConfigurationPlatforms) = postSolution
		{E06C2EB0-2179-4375-8FC9-7113910F0921}.Debug|Any CPU.ActiveCfg = Debug|Any CPU
		{E06C2EB0-2179-4375-8FC9-7113910F0921}.Debug|Any CPU.Build.0 = Debug|Any CPU
		{E06C2EB0-2179-4375-8FC9-7113910F0921}.Release|Any CPU.ActiveCfg = Release|Any CPU
		{E06C2EB0-2179-4375-8FC9-7113910F0921}.Release|Any CPU.Build.0 = Release|Any CPU
		{D1E808E0-5A17-4CA6-873C-7C19B509CA1F}.Debug|Any CPU.ActiveCfg = Debug|Any CPU
		{D1E808E0-5A17-4CA6-873C-7C19B509CA1F}.Debug|Any CPU.Build.0 = Debug|Any CPU
		{D1E808E0-5A17-4CA6-873C-7C19B509CA1F}.Release|Any CPU.ActiveCfg = Release|Any CPU
		{D1E808E0-5A17-4CA6-873C-7C19B509CA1F}.Release|Any CPU.Build.0 = Release|Any CPU
		{CCB391A7-3BC0-4F96-9F60-B606B0DC6D5E}.Debug|Any CPU.ActiveCfg = Debug|Any CPU
		{CCB391A7-3BC0-4F96-9F60-B606B0DC6D5E}.Debug|Any CPU.Build.0 = Debug|Any CPU
		{CCB391A7-3BC0-4F96-9F60-B606B0DC6D5E}.Release|Any CPU.ActiveCfg = Release|Any CPU
		{CCB391A7-3BC0-4F96-9F60-B606B0DC6D5E}.Release|Any CPU.Build.0 = Release|Any CPU
		{35B618A2-C997-4AEC-B241-5FF3374BC52F}.Debug|Any CPU.ActiveCfg = Debug|Any CPU
		{35B618A2-C997-4AEC-B241-5FF3374BC52F}.Debug|Any CPU.Build.0 = Debug|Any CPU
		{35B618A2-C997-4AEC-B241-5FF3374BC52F}.Release|Any CPU.ActiveCfg = Release|Any CPU
		{35B618A2-C997-4AEC-B241-5FF3374BC52F}.Release|Any CPU.Build.0 = Release|Any CPU
		{FDB65A6E-DD65-4D17-B522-E59CE7DE5E00}.Debug|Any CPU.ActiveCfg = Debug|Any CPU
		{FDB65A6E-DD65-4D17-B522-E59CE7DE5E00}.Debug|Any CPU.Build.0 = Debug|Any CPU
		{FDB65A6E-DD65-4D17-B522-E59CE7DE5E00}.Release|Any CPU.ActiveCfg = Release|Any CPU
		{FDB65A6E-DD65-4D17-B522-E59CE7DE5E00}.Release|Any CPU.Build.0 = Release|Any CPU
	EndGlobalSection
	GlobalSection(SolutionProperties) = preSolution
		HideSolutionNode = FALSE
	EndGlobalSection
EndGlobal
